# THIS IS AN AUTOGENERATED FILE. DO NOT EDIT THIS FILE DIRECTLY.
# yarn lockfile v1


"@ratenkaufbyeasycredit/easycredit-components@git+ssh://git@github.com:netzkollektiv/ratenkaufbyeasycredit-components.git#stencil":
  version "0.2.0"
  resolved "git+ssh://git@github.com:netzkollektiv/ratenkaufbyeasycredit-components.git#19599761f7ba3f786065e8921eaf3bafb5159468"
  dependencies:
    "@stencil/core" "2.12.1"
    "@stencil/sass" "^1.5.2"
    "@stencil/store" "^1.5.0"
    buffer "^6.0.3"

"@stencil/core@2.12.1":
  version "2.12.1"
  resolved "https://registry.yarnpkg.com/@stencil/core/-/core-2.12.1.tgz#92364d3e57337b8d36dd9b70cfbed2833929f22d"
  integrity sha512-u24TZ+FEvjnZt5ZgIkLjLpUNsO6Ml3mUZqwmqk81w6RWWz75hgB5p4RFI5rvuErFeh2xvMIGo+pNdG24XUBz1A==

"@stencil/sass@^1.5.2":
  version "1.5.2"
  resolved "https://registry.yarnpkg.com/@stencil/sass/-/sass-1.5.2.tgz#861dffe90a8d911b6b2af4a36d8928b5264a8646"
  integrity sha512-nJ93pUSylsGsMX0eLmhxh1oEljcUjj5mYjhB9ziCdoaydAdjukrUoqDCC7tdVbOcBo2hKptQyWqCtETnBGYsXQ==

"@stencil/store@^1.5.0":
  version "1.5.0"
  resolved "https://registry.yarnpkg.com/@stencil/store/-/store-1.5.0.tgz#5c4e14ed078771bb8ed635867cfa8c3452f15ac4"
  integrity sha512-fe5fCF6dgVlDM1iLRkkJUyUh0Tfx305asVGgMAJjIs7Q+x/b1pGgTLROm9Ibr53PZuFwr5Kg+4h9p4FLbYqHgA==

base64-js@^1.3.1:
  version "1.5.1"
  resolved "https://registry.yarnpkg.com/base64-js/-/base64-js-1.5.1.tgz#1b1b440160a5bf7ad40b650f095963481903930a"
  integrity sha512-AKpaYlHn8t4SVbOHCy+b5+KKgvR4vrsD8vbvrbiQJps7fKDTkjkDry6ji0rUJjC0kzbNePLwzxq8iypo41qeWA==

buffer@^6.0.3:
  version "6.0.3"
  resolved "https://registry.yarnpkg.com/buffer/-/buffer-6.0.3.tgz#2ace578459cc8fbe2a70aaa8f52ee63b6a74c6c6"
  integrity sha512-FTiCpNxtwiZZHEZbcbTIcZjERVICn9yq/pDFkTl95/AxzD1naBctN7YO68riM/gLSDY7sdrMby8hofADYuuqOA==
  dependencies:
    base64-js "^1.3.1"
    ieee754 "^1.2.1"

ieee754@^1.2.1:
  version "1.2.1"
  resolved "https://registry.yarnpkg.com/ieee754/-/ieee754-1.2.1.tgz#8eb7a10a63fff25d15a57b001586d177d1b0d352"
  integrity sha512-dcyqhDvX1C46lXZcVqCpK+FtMRQVdIMN6/Df5js2zouUsqG7I6sFxitIC+7KYK29KdXOLHdu9zL4sFnoVQnqaA==
