# THIS IS AN AUTOGENERATED FILE. DO NOT EDIT THIS FILE DIRECTLY.
# yarn lockfile v1


"@stencil/core@2.12.1":
  version "2.12.1"
  resolved "https://registry.yarnpkg.com/@stencil/core/-/core-2.12.1.tgz#92364d3e57337b8d36dd9b70cfbed2833929f22d"
  integrity sha512-u24TZ+FEvjnZt5ZgIkLjLpUNsO6Ml3mUZqwmqk81w6RWWz75hgB5p4RFI5rvuErFeh2xvMIGo+pNdG24XUBz1A==

"@stencil/sass@^1.5.2":
  version "1.5.2"
  resolved "https://registry.yarnpkg.com/@stencil/sass/-/sass-1.5.2.tgz#861dffe90a8d911b6b2af4a36d8928b5264a8646"
  integrity sha512-nJ93pUSylsGsMX0eLmhxh1oEljcUjj5mYjhB9ziCdoaydAdjukrUoqDCC7tdVbOcBo2hKptQyWqCtETnBGYsXQ==

easycredit-components@netzkollektiv/ratenkaufbyeasycredit-components#stencil:
  version "0.2.0"
  resolved "https://codeload.github.com/netzkollektiv/ratenkaufbyeasycredit-components/tar.gz/99522d2421347fd4a0850a499b19a478a5fe9de7"
  dependencies:
    "@stencil/core" "2.12.1"
    "@stencil/sass" "^1.5.2"

web-photo-filter@^3.1.1:
  version "3.1.1"
  resolved "https://registry.yarnpkg.com/web-photo-filter/-/web-photo-filter-3.1.1.tgz#a991349dba5a40324fc7ecdeb91489feb90658af"
  integrity sha512-JAMklgh1w4/yLqcfLUePFls0cI47PlHgM9bVB97RiLdwSE7ETIEotSIvYVCEbbM7ooktfj2NEbLPJ+jWEvmJtw==

web-social-share@^8.0.1:
  version "8.0.1"
  resolved "https://registry.yarnpkg.com/web-social-share/-/web-social-share-8.0.1.tgz#460fc6120f97371a840bec2b87e2a7a5bed26360"
  integrity sha512-SdYm76yaFDRbAm+2n+mVi7q/tgg+UqX8BDKwvIWTymssfB9CfyH9uyXPzh2o3Kfa1SIeIGY0lmExxVLdYdGueA==
